
Microsoft Visual Studio Solution File, Format Version 12.00
# Visual Studio Version 16
VisualStudioVersion = 16.0.31129.286
MinimumVisualStudioVersion = 10.0.40219.1
Project("{FAE04EC0-301F-11D3-BF4B-00C04F79EFBC}") = "RangeTask", "RangeTask\RangeTask.csproj", "{DE22AF1C-9A0E-48FE-8F1C-AD0FF782DD53}"
EndProject
Global
	GlobalSection(SolutionConfigurationPlatforms) = preSolution
		Debug|Any CPU = Debug|Any CPU
		Release|Any CPU = Release|Any CPU
	EndGlobalSection
	GlobalSection(ProjectConfigurationPlatforms) = postSolution
		{DE22AF1C-9A0E-48FE-8F1C-AD0FF782DD53}.Debug|Any CPU.ActiveCfg = Debug|Any CPU
		{DE22AF1C-9A0E-48FE-8F1C-AD0FF782DD53}.Debug|Any CPU.Build.0 = Debug|Any CPU
		{DE22AF1C-9A0E-48FE-8F1C-AD0FF782DD53}.Release|Any CPU.ActiveCfg = Release|Any CPU
		{DE22AF1C-9A0E-48FE-8F1C-AD0FF782DD53}.Release|Any CPU.Build.0 = Release|Any CPU
	EndGlobalSection
	GlobalSection(SolutionProperties) = preSolution
		HideSolutionNode = FALSE
	EndGlobalSection
	GlobalSection(ExtensibilityGlobals) = postSolution
		SolutionGuid = {D3C4BD3E-9C0A-4DCF-B713-415B98146B51}
	EndGlobalSection
EndGlobal
